
Microsoft Visual Studio Solution File, Format Version 12.00
# Visual Studio Version 17
VisualStudioVersion = 17.6.33513.286
MinimumVisualStudioVersion = 10.0.40219.1
Project("{FAE04EC0-301F-11D3-BF4B-00C04F79EFBC}") = "MauiGoogleVisionBarcodeScanningSample", "MauiGoogleVisionBarcodeScanningSample\MauiGoogleVisionBarcodeScanningSample.csproj", "{1B093DF9-4642-4800-87B0-3DCE78C21998}"
EndProject
Global
	GlobalSection(SolutionConfigurationPlatforms) = preSolution
		Debug|Any CPU = Debug|Any CPU
		Release|Any CPU = Release|Any CPU
	EndGlobalSection
	GlobalSection(ProjectConfigurationPlatforms) = postSolution
		{1B093DF9-4642-4800-87B0-3DCE78C21998}.Debug|Any CPU.ActiveCfg = Debug|Any CPU
		{1B093DF9-4642-4800-87B0-3DCE78C21998}.Debug|Any CPU.Build.0 = Debug|Any CPU
		{1B093DF9-4642-4800-87B0-3DCE78C21998}.Debug|Any CPU.Deploy.0 = Debug|Any CPU
		{1B093DF9-4642-4800-87B0-3DCE78C21998}.Release|Any CPU.ActiveCfg = Release|Any CPU
		{1B093DF9-4642-4800-87B0-3DCE78C21998}.Release|Any CPU.Build.0 = Release|Any CPU
		{1B093DF9-4642-4800-87B0-3DCE78C21998}.Release|Any CPU.Deploy.0 = Release|Any CPU
	EndGlobalSection
	GlobalSection(SolutionProperties) = preSolution
		HideSolutionNode = FALSE
	EndGlobalSection
	GlobalSection(ExtensibilityGlobals) = postSolution
		SolutionGuid = {B9B46537-9835-4C06-A7A7-4F9FE5237F5F}
	EndGlobalSection
EndGlobal
